
Microsoft Visual Studio Solution File, Format Version 12.00
# Visual Studio Version 17
VisualStudioVersion = 17.5.33516.290
MinimumVisualStudioVersion = 10.0.40219.1
Project("{FAE04EC0-301F-11D3-BF4B-00C04F79EFBC}") = "WcfService", "wcf-lab\WcfService.csproj", "{D68AAA0E-5B03-4519-BE08-280B75CABC67}"
EndProject
Project("{FAE04EC0-301F-11D3-BF4B-00C04F79EFBC}") = "WcfServiceHost", "WcfServiceHost\WcfServiceHost.csproj", "{3E38B2B9-BED6-4B41-BA1B-295881D923E8}"
EndProject
Project("{FAE04EC0-301F-11D3-BF4B-00C04F79EFBC}") = "WcfClient", "WcfClient\WcfClient.csproj", "{4DE24C57-1950-482B-8BCD-21CF5FFD7F09}"
EndProject
Global
	GlobalSection(SolutionConfigurationPlatforms) = preSolution
		Debug|Any CPU = Debug|Any CPU
		Release|Any CPU = Release|Any CPU
	EndGlobalSection
	GlobalSection(ProjectConfigurationPlatforms) = postSolution
		{D68AAA0E-5B03-4519-BE08-280B75CABC67}.Debug|Any CPU.ActiveCfg = Debug|Any CPU
		{D68AAA0E-5B03-4519-BE08-280B75CABC67}.Debug|Any CPU.Build.0 = Debug|Any CPU
		{D68AAA0E-5B03-4519-BE08-280B75CABC67}.Release|Any CPU.ActiveCfg = Release|Any CPU
		{D68AAA0E-5B03-4519-BE08-280B75CABC67}.Release|Any CPU.Build.0 = Release|Any CPU
		{3E38B2B9-BED6-4B41-BA1B-295881D923E8}.Debug|Any CPU.ActiveCfg = Debug|Any CPU
		{3E38B2B9-BED6-4B41-BA1B-295881D923E8}.Debug|Any CPU.Build.0 = Debug|Any CPU
		{3E38B2B9-BED6-4B41-BA1B-295881D923E8}.Release|Any CPU.ActiveCfg = Release|Any CPU
		{3E38B2B9-BED6-4B41-BA1B-295881D923E8}.Release|Any CPU.Build.0 = Release|Any CPU
		{4DE24C57-1950-482B-8BCD-21CF5FFD7F09}.Debug|Any CPU.ActiveCfg = Debug|Any CPU
		{4DE24C57-1950-482B-8BCD-21CF5FFD7F09}.Debug|Any CPU.Build.0 = Debug|Any CPU
		{4DE24C57-1950-482B-8BCD-21CF5FFD7F09}.Release|Any CPU.ActiveCfg = Release|Any CPU
		{4DE24C57-1950-482B-8BCD-21CF5FFD7F09}.Release|Any CPU.Build.0 = Release|Any CPU
	EndGlobalSection
	GlobalSection(SolutionProperties) = preSolution
		HideSolutionNode = FALSE
	EndGlobalSection
	GlobalSection(ExtensibilityGlobals) = postSolution
		SolutionGuid = {FE5EC322-658A-4A67-B5A7-566CAD3ED0E2}
	EndGlobalSection
EndGlobal
